<?xml version="1.0" encoding="utf-8"?>
<Project ToolsVersion="4.0" xmlns="http://schemas.microsoft.com/developer/msbuild/2003">
  <ItemGroup>
    <Filter Include="Source Files">
      <UniqueIdentifier>{4FC737F1-C7A5-4376-A066-2A32D752A2FF}</UniqueIdentifier>
      <Extensions>cpp;c;cc;cxx;def;odl;idl;hpj;bat;asm;asmx</Extensions>
    </Filter>
    <Filter Include="Header Files">
      <UniqueIdentifier>{93995380-89BD-4b04-88EB-625FBE52EBFB}</UniqueIdentifier>
      <Extensions>h;hh;hpp;hxx;hm;inl;inc;xsd</Extensions>
    </Filter>
    <Filter Include="Resource Files">
      <UniqueIdentifier>{67DA6AB6-F800-4c08-8B7A-83BB121AAD01}</UniqueIdentifier>
      <Extensions>rc;ico;cur;bmp;dlg;rc2;rct;bin;rgs;gif;jpg;jpeg;jpe;resx;tiff;tif;png;wav</Extensions>
    </Filter>
  </ItemGroup>
  <ItemGroup>
    <ClCompile Include="derive\display\src\Color.cpp">
      <Filter>Source Files</Filter>
    </ClCompile>
    <ClCompile Include="derive\display\src\DisplayObject.cpp">
      <Filter>Source Files</Filter>
    </ClCompile>
    <ClCompile Include="derive\display\src\Image.cpp">
      <Filter>Source Files</Filter>
    </ClCompile>
    <ClCompile Include="derive\display\src\Rive.cpp">
      <Filter>Source Files</Filter>
    </ClCompile>
    <ClCompile Include="derive\events\src\Dispatcher.cpp">
      <Filter>Source Files</Filter>
    </ClCompile>
    <ClCompile Include="derive\events\src\Event.cpp">
      <Filter>Source Files</Filter>
    </ClCompile>
    <ClCompile Include="derive\geom\src\Bounds.cpp">
      <Filter>Source Files</Filter>
    </ClCompile>
    <ClCompile Include="derive\geom\src\Grid.cpp">
      <Filter>Source Files</Filter>
    </ClCompile>
    <ClCompile Include="derive\geom\src\Point.cpp">
      <Filter>Source Files</Filter>
    </ClCompile>
    <ClCompile Include="derive\src\Player.cpp">
      <Filter>Source Files</Filter>
    </ClCompile>
    <ClCompile Include="derive\src\Script.cpp">
      <Filter>Source Files</Filter>
    </ClCompile>
    <ClCompile Include="main.cpp">
      <Filter>Source Files</Filter>
    </ClCompile>
    <ClCompile Include="derive\geom\src\Matrix.cpp">
      <Filter>Source Files</Filter>
    </ClCompile>
  </ItemGroup>
  <ItemGroup>
    <ClInclude Include="derive\Player.h">
      <Filter>Header Files</Filter>
    </ClInclude>
    <ClInclude Include="derive\Script.h">
      <Filter>Header Files</Filter>
    </ClInclude>
    <ClInclude Include="derive\assets\EmbeddedAsset.h">
      <Filter>Header Files</Filter>
    </ClInclude>
    <ClInclude Include="derive\assets\EmbeddedAssets.h">
      <Filter>Header Files</Filter>
    </ClInclude>
    <ClInclude Include="derive\assets\fonts_bangalorebdf.h">
      <Filter>Header Files</Filter>
    </ClInclude>
    <ClInclude Include="derive\assets\juiceriv.h">
      <Filter>Header Files</Filter>
    </ClInclude>
    <ClInclude Include="derive\assets\Loader.h">
      <Filter>Header Files</Filter>
    </ClInclude>
    <ClInclude Include="derive\assets\reseticonpng.h">
      <Filter>Header Files</Filter>
    </ClInclude>
    <ClInclude Include="derive\assets\vikingcartoonriv.h">
      <Filter>Header Files</Filter>
    </ClInclude>
    <ClInclude Include="derive\display\AlignMode.h">
      <Filter>Header Files</Filter>
    </ClInclude>
    <ClInclude Include="derive\display\BitmapData.h">
      <Filter>Header Files</Filter>
    </ClInclude>
    <ClInclude Include="derive\display\Color.h">
      <Filter>Header Files</Filter>
    </ClInclude>
    <ClInclude Include="derive\display\DisplayMode.h">
      <Filter>Header Files</Filter>
    </ClInclude>
    <ClInclude Include="derive\display\DisplayObject.h">
      <Filter>Header Files</Filter>
    </ClInclude>
    <ClInclude Include="derive\display\FitMode.h">
      <Filter>Header Files</Filter>
    </ClInclude>
    <ClInclude Include="derive\display\Image.h">
      <Filter>Header Files</Filter>
    </ClInclude>
    <ClInclude Include="derive\display\Rive.h">
      <Filter>Header Files</Filter>
    </ClInclude>
    <ClInclude Include="derive\display\ScaleMode.h">
      <Filter>Header Files</Filter>
    </ClInclude>
    <ClInclude Include="derive\events\Dispatcher.h">
      <Filter>Header Files</Filter>
    </ClInclude>
    <ClInclude Include="derive\events\DragDropEvent.h">
      <Filter>Header Files</Filter>
    </ClInclude>
    <ClInclude Include="derive\events\ErrorEvent.h">
      <Filter>Header Files</Filter>
    </ClInclude>
    <ClInclude Include="derive\events\Event.h">
      <Filter>Header Files</Filter>
    </ClInclude>
    <ClInclude Include="derive\events\KeyEvent.h">
      <Filter>Header Files</Filter>
    </ClInclude>
    <ClInclude Include="derive\events\MouseEvent.h">
      <Filter>Header Files</Filter>
    </ClInclude>
    <ClInclude Include="derive\events\PlayerEvent.h">
      <Filter>Header Files</Filter>
    </ClInclude>
    <ClInclude Include="derive\geom\Bounds.h">
      <Filter>Header Files</Filter>
    </ClInclude>
    <ClInclude Include="derive\geom\Grid.h">
      <Filter>Header Files</Filter>
    </ClInclude>
    <ClInclude Include="derive\geom\Point.h">
      <Filter>Header Files</Filter>
    </ClInclude>
    <ClInclude Include="derive\utils\SkiaTypes.h">
      <Filter>Header Files</Filter>
    </ClInclude>
  </ItemGroup>
</Project>